// !$*UTF8*$!
{
	archiveVersion = 1;
	classes = {
	};
	objectVersion = 77;
	objects = {

/* Begin PBXContainerItemProxy section */
		232A3C5A2D0C93D200A97709 /* PBXContainerItemProxy */ = {
			isa = PBXContainerItemProxy;
			containerPortal = 232A3C412D0C93D000A97709 /* Project object */;
			proxyType = 1;
			remoteGlobalIDString = 232A3C482D0C93D000A97709;
			remoteInfo = PannuSwiftUi;
		};
		232A3C642D0C93D200A97709 /* PBXContainerItemProxy */ = {
			isa = PBXContainerItemProxy;
			containerPortal = 232A3C412D0C93D000A97709 /* Project object */;
			proxyType = 1;
			remoteGlobalIDString = 232A3C482D0C93D000A97709;
			remoteInfo = PannuSwiftUi;
		};
/* End PBXContainerItemProxy section */

/* Begin PBXFileReference section */
		232A3C492D0C93D000A97709 /* PannuSwiftUi.app */ = {isa = PBXFileReference; explicitFileType = wrapper.application; includeInIndex = 0; path = PannuSwiftUi.app; sourceTree = BUILT_PRODUCTS_DIR; };
		232A3C592D0C93D200A97709 /* PannuSwiftUiTests.xctest */ = {isa = PBXFileReference; explicitFileType = wrapper.cfbundle; includeInIndex = 0; path = PannuSwiftUiTests.xctest; sourceTree = BUILT_PRODUCTS_DIR; };
		232A3C632D0C93D200A97709 /* PannuSwiftUiUITests.xctest */ = {isa = PBXFileReference; explicitFileType = wrapper.cfbundle; includeInIndex = 0; path = PannuSwiftUiUITests.xctest; sourceTree = BUILT_PRODUCTS_DIR; };
/* End PBXFileReference section */

/* Begin PBXFileSystemSynchronizedRootGroup section */
		232A3C4B2D0C93D000A97709 /* PannuSwiftUi */ = {
			isa = PBXFileSystemSynchronizedRootGroup;
			path = PannuSwiftUi;
			sourceTree = "<group>";
		};
		232A3C5C2D0C93D200A97709 /* PannuSwiftUiTests */ = {
			isa = PBXFileSystemSynchronizedRootGroup;
			path = PannuSwiftUiTests;
			sourceTree = "<group>";
		};
		232A3C662D0C93D200A97709 /* PannuSwiftUiUITests */ = {
			isa = PBXFileSystemSynchronizedRootGroup;
			path = PannuSwiftUiUITests;
			sourceTree = "<group>";
		};
/* End PBXFileSystemSynchronizedRootGroup section */

/* Begin PBXFrameworksBuildPhase section */
		232A3C462D0C93D000A97709 /* Frameworks */ = {
			isa = PBXFrameworksBuildPhase;
			buildActionMask = 2147483647;
			files = (
			);
			runOnlyForDeploymentPostprocessing = 0;
		};
		232A3C562D0C93D200A97709 /* Frameworks */ = {
			isa = PBXFrameworksBuildPhase;
			buildActionMask = 2147483647;
			files = (
			);
			runOnlyForDeploymentPostprocessing = 0;
		};
		232A3C602D0C93D200A97709 /* Frameworks */ = {
			isa = PBXFrameworksBuildPhase;
			buildActionMask = 2147483647;
			files = (
			);
			runOnlyForDeploymentPostprocessing = 0;
		};
/* End PBXFrameworksBuildPhase section */

/* Begin PBXGroup section */
		232A3C402D0C93D000A97709 = {
			isa = PBXGroup;
			children = (
				232A3C4B2D0C93D000A97709 /* PannuSwiftUi */,
				232A3C5C2D0C93D200A97709 /* PannuSwiftUiTests */,
				232A3C662D0C93D200A97709 /* PannuSwiftUiUITests */,
				232A3C4A2D0C93D000A97709 /* Products */,
			);
			sourceTree = "<group>";
		};
		232A3C4A2D0C93D000A97709 /* Products */ = {
			isa = PBXGroup;
			children = (
				232A3C492D0C93D000A97709 /* PannuSwiftUi.app */,
				232A3C592D0C93D200A97709 /* PannuSwiftUiTests.xctest */,
				232A3C632D0C93D200A97709 /* PannuSwiftUiUITests.xctest */,
			);
			name = Products;
			sourceTree = "<group>";
		};
/* End PBXGroup section */

/* Begin PBXNativeTarget section */
		232A3C482D0C93D000A97709 /* PannuSwiftUi */ = {
			isa = PBXNativeTarget;
			buildConfigurationList = 232A3C6D2D0C93D200A97709 /* Build configuration list for PBXNativeTarget "PannuSwiftUi" */;
			buildPhases = (
				232A3C452D0C93D000A97709 /* Sources */,
				232A3C462D0C93D000A97709 /* Frameworks */,
				232A3C472D0C93D000A97709 /* Resources */,
			);
			buildRules = (
			);
			dependencies = (
			);
			fileSystemSynchronizedGroups = (
				232A3C4B2D0C93D000A97709 /* PannuSwiftUi */,
			);
			name = PannuSwiftUi;
			packageProductDependencies = (
			);
			productName = PannuSwiftUi;
			productReference = 232A3C492D0C93D000A97709 /* PannuSwiftUi.app */;
			productType = "com.apple.product-type.application";
		};
		232A3C582D0C93D200A97709 /* PannuSwiftUiTests */ = {
			isa = PBXNativeTarget;
			buildConfigurationList = 232A3C702D0C93D200A97709 /* Build configuration list for PBXNativeTarget "PannuSwiftUiTests" */;
			buildPhases = (
				232A3C552D0C93D200A97709 /* Sources */,
				232A3C562D0C93D200A97709 /* Frameworks */,
				232A3C572D0C93D200A97709 /* Resources */,
			);
			buildRules = (
			);
			dependencies = (
				232A3C5B2D0C93D200A97709 /* PBXTargetDependency */,
			);
			fileSystemSynchronizedGroups = (
				232A3C5C2D0C93D200A97709 /* PannuSwiftUiTests */,
			);
			name = PannuSwiftUiTests;
			packageProductDependencies = (
			);
			productName = PannuSwiftUiTests;
			productReference = 232A3C592D0C93D200A97709 /* PannuSwiftUiTests.xctest */;
			productType = "com.apple.product-type.bundle.unit-test";
		};
		232A3C622D0C93D200A97709 /* PannuSwiftUiUITests */ = {
			isa = PBXNativeTarget;
			buildConfigurationList = 232A3C732D0C93D200A97709 /* Build configuration list for PBXNativeTarget "PannuSwiftUiUITests" */;
			buildPhases = (
				232A3C5F2D0C93D200A97709 /* Sources */,
				232A3C602D0C93D200A97709 /* Frameworks */,
				232A3C612D0C93D200A97709 /* Resources */,
			);
			buildRules = (
			);
			dependencies = (
				232A3C652D0C93D200A97709 /* PBXTargetDependency */,
			);
			fileSystemSynchronizedGroups = (
				232A3C662D0C93D200A97709 /* PannuSwiftUiUITests */,
			);
			name = PannuSwiftUiUITests;
			packageProductDependencies = (
			);
			productName = PannuSwiftUiUITests;
			productReference = 232A3C632D0C93D200A97709 /* PannuSwiftUiUITests.xctest */;
			productType = "com.apple.product-type.bundle.ui-testing";
		};
/* End PBXNativeTarget section */

/* Begin PBXProject section */
		232A3C412D0C93D000A97709 /* Project object */ = {
			isa = PBXProject;
			attributes = {
				BuildIndependentTargetsInParallel = 1;
				LastSwiftUpdateCheck = 1610;
				LastUpgradeCheck = 1610;
				TargetAttributes = {
					232A3C482D0C93D000A97709 = {
						CreatedOnToolsVersion = 16.1;
					};
					232A3C582D0C93D200A97709 = {
						CreatedOnToolsVersion = 16.1;
						TestTargetID = 232A3C482D0C93D000A97709;
					};
					232A3C622D0C93D200A97709 = {
						CreatedOnToolsVersion = 16.1;
						TestTargetID = 232A3C482D0C93D000A97709;
					};
				};
			};
			buildConfigurationList = 232A3C442D0C93D000A97709 /* Build configuration list for PBXProject "PannuSwiftUi" */;
			developmentRegion = en;
			hasScannedForEncodings = 0;
			knownRegions = (
				en,
				Base,
			);
			mainGroup = 232A3C402D0C93D000A97709;
			minimizedProjectReferenceProxies = 1;
			preferredProjectObjectVersion = 77;
			productRefGroup = 232A3C4A2D0C93D000A97709 /* Products */;
			projectDirPath = "";
			projectRoot = "";
			targets = (
				232A3C482D0C93D000A97709 /* PannuSwiftUi */,
				232A3C582D0C93D200A97709 /* PannuSwiftUiTests */,
				232A3C622D0C93D200A97709 /* PannuSwiftUiUITests */,
			);
		};
/* End PBXProject section */

/* Begin PBXResourcesBuildPhase section */
		232A3C472D0C93D000A97709 /* Resources */ = {
			isa = PBXResourcesBuildPhase;
			buildActionMask = 2147483647;
			files = (
			);
			runOnlyForDeploymentPostprocessing = 0;
		};
		232A3C572D0C93D200A97709 /* Resources */ = {
			isa = PBXResourcesBuildPhase;
			buildActionMask = 2147483647;
			files = (
			);
			runOnlyForDeploymentPostprocessing = 0;
		};
		232A3C612D0C93D200A97709 /* Resources */ = {
			isa = PBXResourcesBuildPhase;
			buildActionMask = 2147483647;
			files = (
			);
			runOnlyForDeploymentPostprocessing = 0;
		};
/* End PBXResourcesBuildPhase section */

/* Begin PBXSourcesBuildPhase section */
		232A3C452D0C93D000A97709 /* Sources */ = {
			isa = PBXSourcesBuildPhase;
			buildActionMask = 2147483647;
			files = (
			);
			runOnlyForDeploymentPostprocessing = 0;
		};
		232A3C552D0C93D200A97709 /* Sources */ = {
			isa = PBXSourcesBuildPhase;
			buildActionMask = 2147483647;
			files = (
			);
			runOnlyForDeploymentPostprocessing = 0;
		};
		232A3C5F2D0C93D200A97709 /* Sources */ = {
			isa = PBXSourcesBuildPhase;
			buildActionMask = 2147483647;
			files = (
			);
			runOnlyForDeploymentPostprocessing = 0;
		};
/* End PBXSourcesBuildPhase section */

/* Begin PBXTargetDependency section */
		232A3C5B2D0C93D200A97709 /* PBXTargetDependency */ = {
			isa = PBXTargetDependency;
			target = 232A3C482D0C93D000A97709 /* PannuSwiftUi */;
			targetProxy = 232A3C5A2D0C93D200A97709 /* PBXContainerItemProxy */;
		};
		232A3C652D0C93D200A97709 /* PBXTargetDependency */ = {
			isa = PBXTargetDependency;
			target = 232A3C482D0C93D000A97709 /* PannuSwiftUi */;
			targetProxy = 232A3C642D0C93D200A97709 /* PBXContainerItemProxy */;
		};
/* End PBXTargetDependency section */

/* Begin XCBuildConfiguration section */
		232A3C6B2D0C93D200A97709 /* Debug */ = {
			isa = XCBuildConfiguration;
			buildSettings = {
				ALWAYS_SEARCH_USER_PATHS = NO;
				ASSETCATALOG_COMPILER_GENERATE_SWIFT_ASSET_SYMBOL_EXTENSIONS = YES;
				CLANG_ANALYZER_NONNULL = YES;
				CLANG_ANALYZER_NUMBER_OBJECT_CONVERSION = YES_AGGRESSIVE;
				CLANG_CXX_LANGUAGE_STANDARD = "gnu++20";
				CLANG_ENABLE_MODULES = YES;
				CLANG_ENABLE_OBJC_ARC = YES;
				CLANG_ENABLE_OBJC_WEAK = YES;
				CLANG_WARN_BLOCK_CAPTURE_AUTORELEASING = YES;
				CLANG_WARN_BOOL_CONVERSION = YES;
				CLANG_WARN_COMMA = YES;
				CLANG_WARN_CONSTANT_CONVERSION = YES;
				CLANG_WARN_DEPRECATED_OBJC_IMPLEMENTATIONS = YES;
				CLANG_WARN_DIRECT_OBJC_ISA_USAGE = YES_ERROR;
				CLANG_WARN_DOCUMENTATION_COMMENTS = YES;
				CLANG_WARN_EMPTY_BODY = YES;
				CLANG_WARN_ENUM_CONVERSION = YES;
				CLANG_WARN_INFINITE_RECURSION = YES;
				CLANG_WARN_INT_CONVERSION = YES;
				CLANG_WARN_NON_LITERAL_NULL_CONVERSION = YES;
				CLANG_WARN_OBJC_IMPLICIT_RETAIN_SELF = YES;
				CLANG_WARN_OBJC_LITERAL_CONVERSION = YES;
				CLANG_WARN_OBJC_ROOT_CLASS = YES_ERROR;
				CLANG_WARN_QUOTED_INCLUDE_IN_FRAMEWORK_HEADER = YES;
				CLANG_WARN_RANGE_LOOP_ANALYSIS = YES;
				CLANG_WARN_STRICT_PROTOTYPES = YES;
				CLANG_WARN_SUSPICIOUS_MOVE = YES;
				CLANG_WARN_UNGUARDED_AVAILABILITY = YES_AGGRESSIVE;
				CLANG_WARN_UNREACHABLE_CODE = YES;
				CLANG_WARN__DUPLICATE_METHOD_MATCH = YES;
				COPY_PHASE_STRIP = NO;
				DEBUG_INFORMATION_FORMAT = dwarf;
				ENABLE_STRICT_OBJC_MSGSEND = YES;
				ENABLE_TESTABILITY = YES;
				ENABLE_USER_SCRIPT_SANDBOXING = YES;
				GCC_C_LANGUAGE_STANDARD = gnu17;
				GCC_DYNAMIC_NO_PIC = NO;
				GCC_NO_COMMON_BLOCKS = YES;
				GCC_OPTIMIZATION_LEVEL = 0;
				GCC_PREPROCESSOR_DEFINITIONS = (
					"DEBUG=1",
					"$(inherited)",
				);
				GCC_WARN_64_TO_32_BIT_CONVERSION = YES;
				GCC_WARN_ABOUT_RETURN_TYPE = YES_ERROR;
				GCC_WARN_UNDECLARED_SELECTOR = YES;
				GCC_WARN_UNINITIALIZED_AUTOS = YES_AGGRESSIVE;
				GCC_WARN_UNUSED_FUNCTION = YES;
				GCC_WARN_UNUSED_VARIABLE = YES;
				IPHONEOS_DEPLOYMENT_TARGET = 18.1;
				LOCALIZATION_PREFERS_STRING_CATALOGS = YES;
				MTL_ENABLE_DEBUG_INFO = INCLUDE_SOURCE;
				MTL_FAST_MATH = YES;
				ONLY_ACTIVE_ARCH = YES;
				SDKROOT = iphoneos;
				SWIFT_ACTIVE_COMPILATION_CONDITIONS = "DEBUG $(inherited)";
				SWIFT_OPTIMIZATION_LEVEL = "-Onone";
			};
			name = Debug;
		};
		232A3C6C2D0C93D200A97709 /* Release */ = {
			isa = XCBuildConfiguration;
			buildSettings = {
				ALWAYS_SEARCH_USER_PATHS = NO;
				ASSETCATALOG_COMPILER_GENERATE_SWIFT_ASSET_SYMBOL_EXTENSIONS = YES;
				CLANG_ANALYZER_NONNULL = YES;
				CLANG_ANALYZER_NUMBER_OBJECT_CONVERSION = YES_AGGRESSIVE;
				CLANG_CXX_LANGUAGE_STANDARD = "gnu++20";
				CLANG_ENABLE_MODULES = YES;
				CLANG_ENABLE_OBJC_ARC = YES;
				CLANG_ENABLE_OBJC_WEAK = YES;
				CLANG_WARN_BLOCK_CAPTURE_AUTORELEASING = YES;
				CLANG_WARN_BOOL_CONVERSION = YES;
				CLANG_WARN_COMMA = YES;
				CLANG_WARN_CONSTANT_CONVERSION = YES;
				CLANG_WARN_DEPRECATED_OBJC_IMPLEMENTATIONS = YES;
				CLANG_WARN_DIRECT_OBJC_ISA_USAGE = YES_ERROR;
				CLANG_WARN_DOCUMENTATION_COMMENTS = YES;
				CLANG_WARN_EMPTY_BODY = YES;
				CLANG_WARN_ENUM_CONVERSION = YES;
				CLANG_WARN_INFINITE_RECURSION = YES;
				CLANG_WARN_INT_CONVERSION = YES;
				CLANG_WARN_NON_LITERAL_NULL_CONVERSION = YES;
				CLANG_WARN_OBJC_IMPLICIT_RETAIN_SELF = YES;
				CLANG_WARN_OBJC_LITERAL_CONVERSION = YES;
				CLANG_WARN_OBJC_ROOT_CLASS = YES_ERROR;
				CLANG_WARN_QUOTED_INCLUDE_IN_FRAMEWORK_HEADER = YES;
				CLANG_WARN_RANGE_LOOP_ANALYSIS = YES;
				CLANG_WARN_STRICT_PROTOTYPES = YES;
				CLANG_WARN_SUSPICIOUS_MOVE = YES;
				CLANG_WARN_UNGUARDED_AVAILABILITY = YES_AGGRESSIVE;
				CLANG_WARN_UNREACHABLE_CODE = YES;
				CLANG_WARN__DUPLICATE_METHOD_MATCH = YES;
				COPY_PHASE_STRIP = NO;
				DEBUG_INFORMATION_FORMAT = "dwarf-with-dsym";
				ENABLE_NS_ASSERTIONS = NO;
				ENABLE_STRICT_OBJC_MSGSEND = YES;
				ENABLE_USER_SCRIPT_SANDBOXING = YES;
				GCC_C_LANGUAGE_STANDARD = gnu17;
				GCC_NO_COMMON_BLOCKS = YES;
				GCC_WARN_64_TO_32_BIT_CONVERSION = YES;
				GCC_WARN_ABOUT_RETURN_TYPE = YES_ERROR;
				GCC_WARN_UNDECLARED_SELECTOR = YES;
				GCC_WARN_UNINITIALIZED_AUTOS = YES_AGGRESSIVE;
				GCC_WARN_UNUSED_FUNCTION = YES;
				GCC_WARN_UNUSED_VARIABLE = YES;
				IPHONEOS_DEPLOYMENT_TARGET = 18.1;
				LOCALIZATION_PREFERS_STRING_CATALOGS = YES;
				MTL_ENABLE_DEBUG_INFO = NO;
				MTL_FAST_MATH = YES;
				SDKROOT = iphoneos;
				SWIFT_COMPILATION_MODE = wholemodule;
				VALIDATE_PRODUCT = YES;
			};
			name = Release;
		};
		232A3C6E2D0C93D200A97709 /* Debug */ = {
			isa = XCBuildConfiguration;
			buildSettings = {
				ASSETCATALOG_COMPILER_APPICON_NAME = AppIcon;
				ASSETCATALOG_COMPILER_GLOBAL_ACCENT_COLOR_NAME = AccentColor;
				CODE_SIGN_STYLE = Automatic;
				CURRENT_PROJECT_VERSION = 1;
				DEVELOPMENT_ASSET_PATHS = "\"PannuSwiftUi/Preview Content\"";
				DEVELOPMENT_TEAM = C9D722FWWH;
				ENABLE_PREVIEWS = YES;
				GENERATE_INFOPLIST_FILE = YES;
				INFOPLIST_KEY_UIApplicationSceneManifest_Generation = YES;
				INFOPLIST_KEY_UIApplicationSupportsIndirectInputEvents = YES;
				INFOPLIST_KEY_UILaunchScreen_Generation = YES;
				INFOPLIST_KEY_UISupportedInterfaceOrientations_iPad = "UIInterfaceOrientationPortrait UIInterfaceOrientationPortraitUpsideDown UIInterfaceOrientationLandscapeLeft UIInterfaceOrientationLandscapeRight";
				INFOPLIST_KEY_UISupportedInterfaceOrientations_iPhone = "UIInterfaceOrientationPortrait UIInterfaceOrientationLandscapeLeft UIInterfaceOrientationLandscapeRight";
				LD_RUNPATH_SEARCH_PATHS = (
					"$(inherited)",
					"@executable_path/Frameworks",
				);
				MARKETING_VERSION = 1.0;
				PRODUCT_BUNDLE_IDENTIFIER = com.pannu.PannuSwiftUi;
				PRODUCT_NAME = "$(TARGET_NAME)";
				SWIFT_EMIT_LOC_STRINGS = YES;
				SWIFT_VERSION = 5.0;
				TARGETED_DEVICE_FAMILY = "1,2";
			};
			name = Debug;
		};
		232A3C6F2D0C93D200A97709 /* Release */ = {
			isa = XCBuildConfiguration;
			buildSettings = {
				ASSETCATALOG_COMPILER_APPICON_NAME = AppIcon;
				ASSETCATALOG_COMPILER_GLOBAL_ACCENT_COLOR_NAME = AccentColor;
				CODE_SIGN_STYLE = Automatic;
				CURRENT_PROJECT_VERSION = 1;
				DEVELOPMENT_ASSET_PATHS = "\"PannuSwiftUi/Preview Content\"";
				DEVELOPMENT_TEAM = C9D722FWWH;
				ENABLE_PREVIEWS = YES;
				GENERATE_INFOPLIST_FILE = YES;
				INFOPLIST_KEY_UIApplicationSceneManifest_Generation = YES;
				INFOPLIST_KEY_UIApplicationSupportsIndirectInputEvents = YES;
				INFOPLIST_KEY_UILaunchScreen_Generation = YES;
				INFOPLIST_KEY_UISupportedInterfaceOrientations_iPad = "UIInterfaceOrientationPortrait UIInterfaceOrientationPortraitUpsideDown UIInterfaceOrientationLandscapeLeft UIInterfaceOrientationLandscapeRight";
				INFOPLIST_KEY_UISupportedInterfaceOrientations_iPhone = "UIInterfaceOrientationPortrait UIInterfaceOrientationLandscapeLeft UIInterfaceOrientationLandscapeRight";
				LD_RUNPATH_SEARCH_PATHS = (
					"$(inherited)",
					"@executable_path/Frameworks",
				);
				MARKETING_VERSION = 1.0;
				PRODUCT_BUNDLE_IDENTIFIER = com.pannu.PannuSwiftUi;
				PRODUCT_NAME = "$(TARGET_NAME)";
				SWIFT_EMIT_LOC_STRINGS = YES;
				SWIFT_VERSION = 5.0;
				TARGETED_DEVICE_FAMILY = "1,2";
			};
			name = Release;
		};
		232A3C712D0C93D200A97709 /* Debug */ = {
			isa = XCBuildConfiguration;
			buildSettings = {
				BUNDLE_LOADER = "$(TEST_HOST)";
				CODE_SIGN_STYLE = Automatic;
				CURRENT_PROJECT_VERSION = 1;
				DEVELOPMENT_TEAM = C9D722FWWH;
				GENERATE_INFOPLIST_FILE = YES;
				IPHONEOS_DEPLOYMENT_TARGET = 18.1;
				MARKETING_VERSION = 1.0;
				PRODUCT_BUNDLE_IDENTIFIER = com.pannu.PannuSwiftUiTests;
				PRODUCT_NAME = "$(TARGET_NAME)";
				SWIFT_EMIT_LOC_STRINGS = NO;
				SWIFT_VERSION = 5.0;
				TARGETED_DEVICE_FAMILY = "1,2";
				TEST_HOST = "$(BUILT_PRODUCTS_DIR)/PannuSwiftUi.app/$(BUNDLE_EXECUTABLE_FOLDER_PATH)/PannuSwiftUi";
			};
			name = Debug;
		};
		232A3C722D0C93D200A97709 /* Release */ = {
			isa = XCBuildConfiguration;
			buildSettings = {
				BUNDLE_LOADER = "$(TEST_HOST)";
				CODE_SIGN_STYLE = Automatic;
				CURRENT_PROJECT_VERSION = 1;
				DEVELOPMENT_TEAM = C9D722FWWH;
				GENERATE_INFOPLIST_FILE = YES;
				IPHONEOS_DEPLOYMENT_TARGET = 18.1;
				MARKETING_VERSION = 1.0;
				PRODUCT_BUNDLE_IDENTIFIER = com.pannu.PannuSwiftUiTests;
				PRODUCT_NAME = "$(TARGET_NAME)";
				SWIFT_EMIT_LOC_STRINGS = NO;
				SWIFT_VERSION = 5.0;
				TARGETED_DEVICE_FAMILY = "1,2";
				TEST_HOST = "$(BUILT_PRODUCTS_DIR)/PannuSwiftUi.app/$(BUNDLE_EXECUTABLE_FOLDER_PATH)/PannuSwiftUi";
			};
			name = Release;
		};
		232A3C742D0C93D200A97709 /* Debug */ = {
			isa = XCBuildConfiguration;
			buildSettings = {
				CODE_SIGN_STYLE = Automatic;
				CURRENT_PROJECT_VERSION = 1;
				DEVELOPMENT_TEAM = C9D722FWWH;
				GENERATE_INFOPLIST_FILE = YES;
				MARKETING_VERSION = 1.0;
				PRODUCT_BUNDLE_IDENTIFIER = com.pannu.PannuSwiftUiUITests;
				PRODUCT_NAME = "$(TARGET_NAME)";
				SWIFT_EMIT_LOC_STRINGS = NO;
				SWIFT_VERSION = 5.0;
				TARGETED_DEVICE_FAMILY = "1,2";
				TEST_TARGET_NAME = PannuSwiftUi;
			};
			name = Debug;
		};
		232A3C752D0C93D200A97709 /* Release */ = {
			isa = XCBuildConfiguration;
			buildSettings = {
				CODE_SIGN_STYLE = Automatic;
				CURRENT_PROJECT_VERSION = 1;
				DEVELOPMENT_TEAM = C9D722FWWH;
				GENERATE_INFOPLIST_FILE = YES;
				MARKETING_VERSION = 1.0;
				PRODUCT_BUNDLE_IDENTIFIER = com.pannu.PannuSwiftUiUITests;
				PRODUCT_NAME = "$(TARGET_NAME)";
				SWIFT_EMIT_LOC_STRINGS = NO;
				SWIFT_VERSION = 5.0;
				TARGETED_DEVICE_FAMILY = "1,2";
				TEST_TARGET_NAME = PannuSwiftUi;
			};
			name = Release;
		};
/* End XCBuildConfiguration section */

/* Begin XCConfigurationList section */
		232A3C442D0C93D000A97709 /* Build configuration list for PBXProject "PannuSwiftUi" */ = {
			isa = XCConfigurationList;
			buildConfigurations = (
				232A3C6B2D0C93D200A97709 /* Debug */,
				232A3C6C2D0C93D200A97709 /* Release */,
			);
			defaultConfigurationIsVisible = 0;
			defaultConfigurationName = Release;
		};
		232A3C6D2D0C93D200A97709 /* Build configuration list for PBXNativeTarget "PannuSwiftUi" */ = {
			isa = XCConfigurationList;
			buildConfigurations = (
				232A3C6E2D0C93D200A97709 /* Debug */,
				232A3C6F2D0C93D200A97709 /* Release */,
			);
			defaultConfigurationIsVisible = 0;
			defaultConfigurationName = Release;
		};
		232A3C702D0C93D200A97709 /* Build configuration list for PBXNativeTarget "PannuSwiftUiTests" */ = {
			isa = XCConfigurationList;
			buildConfigurations = (
				232A3C712D0C93D200A97709 /* Debug */,
				232A3C722D0C93D200A97709 /* Release */,
			);
			defaultConfigurationIsVisible = 0;
			defaultConfigurationName = Release;
		};
		232A3C732D0C93D200A97709 /* Build configuration list for PBXNativeTarget "PannuSwiftUiUITests" */ = {
			isa = XCConfigurationList;
			buildConfigurations = (
				232A3C742D0C93D200A97709 /* Debug */,
				232A3C752D0C93D200A97709 /* Release */,
			);
			defaultConfigurationIsVisible = 0;
			defaultConfigurationName = Release;
		};
/* End XCConfigurationList section */
	};
	rootObject = 232A3C412D0C93D000A97709 /* Project object */;
}
