// !$*UTF8*$!
{
	archiveVersion = 1;
	classes = {
	};
	objectVersion = 56;
	objects = {

/* Begin PBXBuildFile section */
		230F6F142C20A00A001E0B90 /* BaseSecureField.swift in Sources */ = {isa = PBXBuildFile; fileRef = 230F6F132C20A00A001E0B90 /* BaseSecureField.swift */; };
		2375DF062C1D85D300CF42E7 /* BlindleApp.swift in Sources */ = {isa = PBXBuildFile; fileRef = 2375DF052C1D85D300CF42E7 /* BlindleApp.swift */; };
		2375DF082C1D85D300CF42E7 /* ContentView.swift in Sources */ = {isa = PBXBuildFile; fileRef = 2375DF072C1D85D300CF42E7 /* ContentView.swift */; };
		2375DF0A2C1D85D400CF42E7 /* Assets.xcassets in Resources */ = {isa = PBXBuildFile; fileRef = 2375DF092C1D85D400CF42E7 /* Assets.xcassets */; };
		2375DF0D2C1D85D400CF42E7 /* Preview Assets.xcassets in Resources */ = {isa = PBXBuildFile; fileRef = 2375DF0C2C1D85D400CF42E7 /* Preview Assets.xcassets */; };
		2375DF172C1D85D400CF42E7 /* BlindleTests.swift in Sources */ = {isa = PBXBuildFile; fileRef = 2375DF162C1D85D400CF42E7 /* BlindleTests.swift */; };
		2375DF212C1D85D400CF42E7 /* BlindleUITests.swift in Sources */ = {isa = PBXBuildFile; fileRef = 2375DF202C1D85D400CF42E7 /* BlindleUITests.swift */; };
		2375DF232C1D85D400CF42E7 /* BlindleUITestsLaunchTests.swift in Sources */ = {isa = PBXBuildFile; fileRef = 2375DF222C1D85D400CF42E7 /* BlindleUITestsLaunchTests.swift */; };
		2375DFCE2C1D97C500CF42E7 /* LoginView.swift in Sources */ = {isa = PBXBuildFile; fileRef = 2375DFCD2C1D97C500CF42E7 /* LoginView.swift */; };
		2375DFD12C1DF20400CF42E7 /* BaseOutlinedTextFIeld.swift in Sources */ = {isa = PBXBuildFile; fileRef = 2375DFD02C1DF20400CF42E7 /* BaseOutlinedTextFIeld.swift */; };
		2375DFD32C1DFA0F00CF42E7 /* BaseTextButton.swift in Sources */ = {isa = PBXBuildFile; fileRef = 2375DFD22C1DFA0F00CF42E7 /* BaseTextButton.swift */; };
		2375DFD72C1DFAA700CF42E7 /* Constants.swift in Sources */ = {isa = PBXBuildFile; fileRef = 2375DFD62C1DFAA700CF42E7 /* Constants.swift */; };
		2375DFD92C1E044A00CF42E7 /* BaseImageTextButton.swift in Sources */ = {isa = PBXBuildFile; fileRef = 2375DFD82C1E044A00CF42E7 /* BaseImageTextButton.swift */; };
/* End PBXBuildFile section */

/* Begin PBXContainerItemProxy section */
		2375DF132C1D85D400CF42E7 /* PBXContainerItemProxy */ = {
			isa = PBXContainerItemProxy;
			containerPortal = 2375DEFA2C1D85D300CF42E7 /* Project object */;
			proxyType = 1;
			remoteGlobalIDString = 2375DF012C1D85D300CF42E7;
			remoteInfo = Blindle;
		};
		2375DF1D2C1D85D400CF42E7 /* PBXContainerItemProxy */ = {
			isa = PBXContainerItemProxy;
			containerPortal = 2375DEFA2C1D85D300CF42E7 /* Project object */;
			proxyType = 1;
			remoteGlobalIDString = 2375DF012C1D85D300CF42E7;
			remoteInfo = Blindle;
		};
/* End PBXContainerItemProxy section */

/* Begin PBXFileReference section */
		230F6F132C20A00A001E0B90 /* BaseSecureField.swift */ = {isa = PBXFileReference; lastKnownFileType = sourcecode.swift; path = BaseSecureField.swift; sourceTree = "<group>"; };
		2375DF022C1D85D300CF42E7 /* Blindle.app */ = {isa = PBXFileReference; explicitFileType = wrapper.application; includeInIndex = 0; path = Blindle.app; sourceTree = BUILT_PRODUCTS_DIR; };
		2375DF052C1D85D300CF42E7 /* BlindleApp.swift */ = {isa = PBXFileReference; lastKnownFileType = sourcecode.swift; path = BlindleApp.swift; sourceTree = "<group>"; };
		2375DF072C1D85D300CF42E7 /* ContentView.swift */ = {isa = PBXFileReference; lastKnownFileType = sourcecode.swift; path = ContentView.swift; sourceTree = "<group>"; };
		2375DF092C1D85D400CF42E7 /* Assets.xcassets */ = {isa = PBXFileReference; lastKnownFileType = folder.assetcatalog; path = Assets.xcassets; sourceTree = "<group>"; };
		2375DF0C2C1D85D400CF42E7 /* Preview Assets.xcassets */ = {isa = PBXFileReference; lastKnownFileType = folder.assetcatalog; path = "Preview Assets.xcassets"; sourceTree = "<group>"; };
		2375DF122C1D85D400CF42E7 /* BlindleTests.xctest */ = {isa = PBXFileReference; explicitFileType = wrapper.cfbundle; includeInIndex = 0; path = BlindleTests.xctest; sourceTree = BUILT_PRODUCTS_DIR; };
		2375DF162C1D85D400CF42E7 /* BlindleTests.swift */ = {isa = PBXFileReference; lastKnownFileType = sourcecode.swift; path = BlindleTests.swift; sourceTree = "<group>"; };
		2375DF1C2C1D85D400CF42E7 /* BlindleUITests.xctest */ = {isa = PBXFileReference; explicitFileType = wrapper.cfbundle; includeInIndex = 0; path = BlindleUITests.xctest; sourceTree = BUILT_PRODUCTS_DIR; };
		2375DF202C1D85D400CF42E7 /* BlindleUITests.swift */ = {isa = PBXFileReference; lastKnownFileType = sourcecode.swift; path = BlindleUITests.swift; sourceTree = "<group>"; };
		2375DF222C1D85D400CF42E7 /* BlindleUITestsLaunchTests.swift */ = {isa = PBXFileReference; lastKnownFileType = sourcecode.swift; path = BlindleUITestsLaunchTests.swift; sourceTree = "<group>"; };
		2375DFCD2C1D97C500CF42E7 /* LoginView.swift */ = {isa = PBXFileReference; lastKnownFileType = sourcecode.swift; path = LoginView.swift; sourceTree = "<group>"; };
		2375DFD02C1DF20400CF42E7 /* BaseOutlinedTextFIeld.swift */ = {isa = PBXFileReference; lastKnownFileType = sourcecode.swift; path = BaseOutlinedTextFIeld.swift; sourceTree = "<group>"; };
		2375DFD22C1DFA0F00CF42E7 /* BaseTextButton.swift */ = {isa = PBXFileReference; lastKnownFileType = sourcecode.swift; path = BaseTextButton.swift; sourceTree = "<group>"; };
		2375DFD62C1DFAA700CF42E7 /* Constants.swift */ = {isa = PBXFileReference; lastKnownFileType = sourcecode.swift; path = Constants.swift; sourceTree = "<group>"; };
		2375DFD82C1E044A00CF42E7 /* BaseImageTextButton.swift */ = {isa = PBXFileReference; lastKnownFileType = sourcecode.swift; name = BaseImageTextButton.swift; path = Blindle/source/Common/BaseImageTextButton.swift; sourceTree = SOURCE_ROOT; };
/* End PBXFileReference section */

/* Begin PBXFrameworksBuildPhase section */
		2375DEFF2C1D85D300CF42E7 /* Frameworks */ = {
			isa = PBXFrameworksBuildPhase;
			buildActionMask = 2147483647;
			files = (
			);
			runOnlyForDeploymentPostprocessing = 0;
		};
		2375DF0F2C1D85D400CF42E7 /* Frameworks */ = {
			isa = PBXFrameworksBuildPhase;
			buildActionMask = 2147483647;
			files = (
			);
			runOnlyForDeploymentPostprocessing = 0;
		};
		2375DF192C1D85D400CF42E7 /* Frameworks */ = {
			isa = PBXFrameworksBuildPhase;
			buildActionMask = 2147483647;
			files = (
			);
			runOnlyForDeploymentPostprocessing = 0;
		};
/* End PBXFrameworksBuildPhase section */

/* Begin PBXGroup section */
		2375DEF92C1D85D300CF42E7 = {
			isa = PBXGroup;
			children = (
				2375DF042C1D85D300CF42E7 /* Blindle */,
				2375DF152C1D85D400CF42E7 /* BlindleTests */,
				2375DF1F2C1D85D400CF42E7 /* BlindleUITests */,
				2375DF032C1D85D300CF42E7 /* Products */,
			);
			sourceTree = "<group>";
		};
		2375DF032C1D85D300CF42E7 /* Products */ = {
			isa = PBXGroup;
			children = (
				2375DF022C1D85D300CF42E7 /* Blindle.app */,
				2375DF122C1D85D400CF42E7 /* BlindleTests.xctest */,
				2375DF1C2C1D85D400CF42E7 /* BlindleUITests.xctest */,
			);
			name = Products;
			sourceTree = "<group>";
		};
		2375DF042C1D85D300CF42E7 /* Blindle */ = {
			isa = PBXGroup;
			children = (
				2375DFCC2C1D97AC00CF42E7 /* source */,
				2375DF052C1D85D300CF42E7 /* BlindleApp.swift */,
				2375DF072C1D85D300CF42E7 /* ContentView.swift */,
				2375DF092C1D85D400CF42E7 /* Assets.xcassets */,
				2375DF0B2C1D85D400CF42E7 /* Preview Content */,
			);
			path = Blindle;
			sourceTree = "<group>";
		};
		2375DF0B2C1D85D400CF42E7 /* Preview Content */ = {
			isa = PBXGroup;
			children = (
				2375DF0C2C1D85D400CF42E7 /* Preview Assets.xcassets */,
			);
			path = "Preview Content";
			sourceTree = "<group>";
		};
		2375DF152C1D85D400CF42E7 /* BlindleTests */ = {
			isa = PBXGroup;
			children = (
				2375DF162C1D85D400CF42E7 /* BlindleTests.swift */,
			);
			path = BlindleTests;
			sourceTree = "<group>";
		};
		2375DF1F2C1D85D400CF42E7 /* BlindleUITests */ = {
			isa = PBXGroup;
			children = (
				2375DF202C1D85D400CF42E7 /* BlindleUITests.swift */,
				2375DF222C1D85D400CF42E7 /* BlindleUITestsLaunchTests.swift */,
			);
			path = BlindleUITests;
			sourceTree = "<group>";
		};
		2375DFCC2C1D97AC00CF42E7 /* source */ = {
			isa = PBXGroup;
			children = (
				2375DFCF2C1DF1E400CF42E7 /* Common */,
				2375DFCD2C1D97C500CF42E7 /* LoginView.swift */,
			);
			path = source;
			sourceTree = "<group>";
		};
		2375DFCF2C1DF1E400CF42E7 /* Common */ = {
			isa = PBXGroup;
			children = (
				2375DFD52C1DFA8500CF42E7 /* Constants */,
				2375DFD42C1DFA7300CF42E7 /* Custom View */,
			);
			path = Common;
			sourceTree = "<group>";
		};
		2375DFD42C1DFA7300CF42E7 /* Custom View */ = {
			isa = PBXGroup;
			children = (
				2375DFD02C1DF20400CF42E7 /* BaseOutlinedTextFIeld.swift */,
				2375DFD22C1DFA0F00CF42E7 /* BaseTextButton.swift */,
				2375DFD82C1E044A00CF42E7 /* BaseImageTextButton.swift */,
				230F6F132C20A00A001E0B90 /* BaseSecureField.swift */,
			);
			path = "Custom View";
			sourceTree = "<group>";
		};
		2375DFD52C1DFA8500CF42E7 /* Constants */ = {
			isa = PBXGroup;
			children = (
				2375DFD62C1DFAA700CF42E7 /* Constants.swift */,
			);
			path = Constants;
			sourceTree = "<group>";
		};
/* End PBXGroup section */

/* Begin PBXNativeTarget section */
		2375DF012C1D85D300CF42E7 /* Blindle */ = {
			isa = PBXNativeTarget;
			buildConfigurationList = 2375DF262C1D85D400CF42E7 /* Build configuration list for PBXNativeTarget "Blindle" */;
			buildPhases = (
				2375DEFE2C1D85D300CF42E7 /* Sources */,
				2375DEFF2C1D85D300CF42E7 /* Frameworks */,
				2375DF002C1D85D300CF42E7 /* Resources */,
			);
			buildRules = (
			);
			dependencies = (
			);
			name = Blindle;
			productName = Blindle;
			productReference = 2375DF022C1D85D300CF42E7 /* Blindle.app */;
			productType = "com.apple.product-type.application";
		};
		2375DF112C1D85D400CF42E7 /* BlindleTests */ = {
			isa = PBXNativeTarget;
			buildConfigurationList = 2375DF292C1D85D400CF42E7 /* Build configuration list for PBXNativeTarget "BlindleTests" */;
			buildPhases = (
				2375DF0E2C1D85D400CF42E7 /* Sources */,
				2375DF0F2C1D85D400CF42E7 /* Frameworks */,
				2375DF102C1D85D400CF42E7 /* Resources */,
			);
			buildRules = (
			);
			dependencies = (
				2375DF142C1D85D400CF42E7 /* PBXTargetDependency */,
			);
			name = BlindleTests;
			productName = BlindleTests;
			productReference = 2375DF122C1D85D400CF42E7 /* BlindleTests.xctest */;
			productType = "com.apple.product-type.bundle.unit-test";
		};
		2375DF1B2C1D85D400CF42E7 /* BlindleUITests */ = {
			isa = PBXNativeTarget;
			buildConfigurationList = 2375DF2C2C1D85D400CF42E7 /* Build configuration list for PBXNativeTarget "BlindleUITests" */;
			buildPhases = (
				2375DF182C1D85D400CF42E7 /* Sources */,
				2375DF192C1D85D400CF42E7 /* Frameworks */,
				2375DF1A2C1D85D400CF42E7 /* Resources */,
			);
			buildRules = (
			);
			dependencies = (
				2375DF1E2C1D85D400CF42E7 /* PBXTargetDependency */,
			);
			name = BlindleUITests;
			productName = BlindleUITests;
			productReference = 2375DF1C2C1D85D400CF42E7 /* BlindleUITests.xctest */;
			productType = "com.apple.product-type.bundle.ui-testing";
		};
/* End PBXNativeTarget section */

/* Begin PBXProject section */
		2375DEFA2C1D85D300CF42E7 /* Project object */ = {
			isa = PBXProject;
			attributes = {
				BuildIndependentTargetsInParallel = 1;
				LastSwiftUpdateCheck = 1540;
				LastUpgradeCheck = 1540;
				TargetAttributes = {
					2375DF012C1D85D300CF42E7 = {
						CreatedOnToolsVersion = 15.4;
					};
					2375DF112C1D85D400CF42E7 = {
						CreatedOnToolsVersion = 15.4;
						TestTargetID = 2375DF012C1D85D300CF42E7;
					};
					2375DF1B2C1D85D400CF42E7 = {
						CreatedOnToolsVersion = 15.4;
						TestTargetID = 2375DF012C1D85D300CF42E7;
					};
				};
			};
			buildConfigurationList = 2375DEFD2C1D85D300CF42E7 /* Build configuration list for PBXProject "Blindle" */;
			compatibilityVersion = "Xcode 14.0";
			developmentRegion = en;
			hasScannedForEncodings = 0;
			knownRegions = (
				en,
				Base,
			);
			mainGroup = 2375DEF92C1D85D300CF42E7;
			productRefGroup = 2375DF032C1D85D300CF42E7 /* Products */;
			projectDirPath = "";
			projectRoot = "";
			targets = (
				2375DF012C1D85D300CF42E7 /* Blindle */,
				2375DF112C1D85D400CF42E7 /* BlindleTests */,
				2375DF1B2C1D85D400CF42E7 /* BlindleUITests */,
			);
		};
/* End PBXProject section */

/* Begin PBXResourcesBuildPhase section */
		2375DF002C1D85D300CF42E7 /* Resources */ = {
			isa = PBXResourcesBuildPhase;
			buildActionMask = 2147483647;
			files = (
				2375DF0D2C1D85D400CF42E7 /* Preview Assets.xcassets in Resources */,
				2375DF0A2C1D85D400CF42E7 /* Assets.xcassets in Resources */,
			);
			runOnlyForDeploymentPostprocessing = 0;
		};
		2375DF102C1D85D400CF42E7 /* Resources */ = {
			isa = PBXResourcesBuildPhase;
			buildActionMask = 2147483647;
			files = (
			);
			runOnlyForDeploymentPostprocessing = 0;
		};
		2375DF1A2C1D85D400CF42E7 /* Resources */ = {
			isa = PBXResourcesBuildPhase;
			buildActionMask = 2147483647;
			files = (
			);
			runOnlyForDeploymentPostprocessing = 0;
		};
/* End PBXResourcesBuildPhase section */

/* Begin PBXSourcesBuildPhase section */
		2375DEFE2C1D85D300CF42E7 /* Sources */ = {
			isa = PBXSourcesBuildPhase;
			buildActionMask = 2147483647;
			files = (
				2375DFD12C1DF20400CF42E7 /* BaseOutlinedTextFIeld.swift in Sources */,
				2375DFD32C1DFA0F00CF42E7 /* BaseTextButton.swift in Sources */,
				2375DFCE2C1D97C500CF42E7 /* LoginView.swift in Sources */,
				2375DF082C1D85D300CF42E7 /* ContentView.swift in Sources */,
				2375DF062C1D85D300CF42E7 /* BlindleApp.swift in Sources */,
				2375DFD92C1E044A00CF42E7 /* BaseImageTextButton.swift in Sources */,
				230F6F142C20A00A001E0B90 /* BaseSecureField.swift in Sources */,
				2375DFD72C1DFAA700CF42E7 /* Constants.swift in Sources */,
			);
			runOnlyForDeploymentPostprocessing = 0;
		};
		2375DF0E2C1D85D400CF42E7 /* Sources */ = {
			isa = PBXSourcesBuildPhase;
			buildActionMask = 2147483647;
			files = (
				2375DF172C1D85D400CF42E7 /* BlindleTests.swift in Sources */,
			);
			runOnlyForDeploymentPostprocessing = 0;
		};
		2375DF182C1D85D400CF42E7 /* Sources */ = {
			isa = PBXSourcesBuildPhase;
			buildActionMask = 2147483647;
			files = (
				2375DF212C1D85D400CF42E7 /* BlindleUITests.swift in Sources */,
				2375DF232C1D85D400CF42E7 /* BlindleUITestsLaunchTests.swift in Sources */,
			);
			runOnlyForDeploymentPostprocessing = 0;
		};
/* End PBXSourcesBuildPhase section */

/* Begin PBXTargetDependency section */
		2375DF142C1D85D400CF42E7 /* PBXTargetDependency */ = {
			isa = PBXTargetDependency;
			target = 2375DF012C1D85D300CF42E7 /* Blindle */;
			targetProxy = 2375DF132C1D85D400CF42E7 /* PBXContainerItemProxy */;
		};
		2375DF1E2C1D85D400CF42E7 /* PBXTargetDependency */ = {
			isa = PBXTargetDependency;
			target = 2375DF012C1D85D300CF42E7 /* Blindle */;
			targetProxy = 2375DF1D2C1D85D400CF42E7 /* PBXContainerItemProxy */;
		};
/* End PBXTargetDependency section */

/* Begin XCBuildConfiguration section */
		2375DF242C1D85D400CF42E7 /* Debug */ = {
			isa = XCBuildConfiguration;
			buildSettings = {
				ALWAYS_SEARCH_USER_PATHS = NO;
				ASSETCATALOG_COMPILER_GENERATE_SWIFT_ASSET_SYMBOL_EXTENSIONS = YES;
				CLANG_ANALYZER_NONNULL = YES;
				CLANG_ANALYZER_NUMBER_OBJECT_CONVERSION = YES_AGGRESSIVE;
				CLANG_CXX_LANGUAGE_STANDARD = "gnu++20";
				CLANG_ENABLE_MODULES = YES;
				CLANG_ENABLE_OBJC_ARC = YES;
				CLANG_ENABLE_OBJC_WEAK = YES;
				CLANG_WARN_BLOCK_CAPTURE_AUTORELEASING = YES;
				CLANG_WARN_BOOL_CONVERSION = YES;
				CLANG_WARN_COMMA = YES;
				CLANG_WARN_CONSTANT_CONVERSION = YES;
				CLANG_WARN_DEPRECATED_OBJC_IMPLEMENTATIONS = YES;
				CLANG_WARN_DIRECT_OBJC_ISA_USAGE = YES_ERROR;
				CLANG_WARN_DOCUMENTATION_COMMENTS = YES;
				CLANG_WARN_EMPTY_BODY = YES;
				CLANG_WARN_ENUM_CONVERSION = YES;
				CLANG_WARN_INFINITE_RECURSION = YES;
				CLANG_WARN_INT_CONVERSION = YES;
				CLANG_WARN_NON_LITERAL_NULL_CONVERSION = YES;
				CLANG_WARN_OBJC_IMPLICIT_RETAIN_SELF = YES;
				CLANG_WARN_OBJC_LITERAL_CONVERSION = YES;
				CLANG_WARN_OBJC_ROOT_CLASS = YES_ERROR;
				CLANG_WARN_QUOTED_INCLUDE_IN_FRAMEWORK_HEADER = YES;
				CLANG_WARN_RANGE_LOOP_ANALYSIS = YES;
				CLANG_WARN_STRICT_PROTOTYPES = YES;
				CLANG_WARN_SUSPICIOUS_MOVE = YES;
				CLANG_WARN_UNGUARDED_AVAILABILITY = YES_AGGRESSIVE;
				CLANG_WARN_UNREACHABLE_CODE = YES;
				CLANG_WARN__DUPLICATE_METHOD_MATCH = YES;
				COPY_PHASE_STRIP = NO;
				DEBUG_INFORMATION_FORMAT = dwarf;
				ENABLE_STRICT_OBJC_MSGSEND = YES;
				ENABLE_TESTABILITY = YES;
				ENABLE_USER_SCRIPT_SANDBOXING = YES;
				GCC_C_LANGUAGE_STANDARD = gnu17;
				GCC_DYNAMIC_NO_PIC = NO;
				GCC_NO_COMMON_BLOCKS = YES;
				GCC_OPTIMIZATION_LEVEL = 0;
				GCC_PREPROCESSOR_DEFINITIONS = (
					"DEBUG=1",
					"$(inherited)",
				);
				GCC_WARN_64_TO_32_BIT_CONVERSION = YES;
				GCC_WARN_ABOUT_RETURN_TYPE = YES_ERROR;
				GCC_WARN_UNDECLARED_SELECTOR = YES;
				GCC_WARN_UNINITIALIZED_AUTOS = YES_AGGRESSIVE;
				GCC_WARN_UNUSED_FUNCTION = YES;
				GCC_WARN_UNUSED_VARIABLE = YES;
				IPHONEOS_DEPLOYMENT_TARGET = 17.5;
				LOCALIZATION_PREFERS_STRING_CATALOGS = YES;
				MTL_ENABLE_DEBUG_INFO = INCLUDE_SOURCE;
				MTL_FAST_MATH = YES;
				ONLY_ACTIVE_ARCH = YES;
				SDKROOT = iphoneos;
				SWIFT_ACTIVE_COMPILATION_CONDITIONS = "DEBUG $(inherited)";
				SWIFT_OPTIMIZATION_LEVEL = "-Onone";
			};
			name = Debug;
		};
		2375DF252C1D85D400CF42E7 /* Release */ = {
			isa = XCBuildConfiguration;
			buildSettings = {
				ALWAYS_SEARCH_USER_PATHS = NO;
				ASSETCATALOG_COMPILER_GENERATE_SWIFT_ASSET_SYMBOL_EXTENSIONS = YES;
				CLANG_ANALYZER_NONNULL = YES;
				CLANG_ANALYZER_NUMBER_OBJECT_CONVERSION = YES_AGGRESSIVE;
				CLANG_CXX_LANGUAGE_STANDARD = "gnu++20";
				CLANG_ENABLE_MODULES = YES;
				CLANG_ENABLE_OBJC_ARC = YES;
				CLANG_ENABLE_OBJC_WEAK = YES;
				CLANG_WARN_BLOCK_CAPTURE_AUTORELEASING = YES;
				CLANG_WARN_BOOL_CONVERSION = YES;
				CLANG_WARN_COMMA = YES;
				CLANG_WARN_CONSTANT_CONVERSION = YES;
				CLANG_WARN_DEPRECATED_OBJC_IMPLEMENTATIONS = YES;
				CLANG_WARN_DIRECT_OBJC_ISA_USAGE = YES_ERROR;
				CLANG_WARN_DOCUMENTATION_COMMENTS = YES;
				CLANG_WARN_EMPTY_BODY = YES;
				CLANG_WARN_ENUM_CONVERSION = YES;
				CLANG_WARN_INFINITE_RECURSION = YES;
				CLANG_WARN_INT_CONVERSION = YES;
				CLANG_WARN_NON_LITERAL_NULL_CONVERSION = YES;
				CLANG_WARN_OBJC_IMPLICIT_RETAIN_SELF = YES;
				CLANG_WARN_OBJC_LITERAL_CONVERSION = YES;
				CLANG_WARN_OBJC_ROOT_CLASS = YES_ERROR;
				CLANG_WARN_QUOTED_INCLUDE_IN_FRAMEWORK_HEADER = YES;
				CLANG_WARN_RANGE_LOOP_ANALYSIS = YES;
				CLANG_WARN_STRICT_PROTOTYPES = YES;
				CLANG_WARN_SUSPICIOUS_MOVE = YES;
				CLANG_WARN_UNGUARDED_AVAILABILITY = YES_AGGRESSIVE;
				CLANG_WARN_UNREACHABLE_CODE = YES;
				CLANG_WARN__DUPLICATE_METHOD_MATCH = YES;
				COPY_PHASE_STRIP = NO;
				DEBUG_INFORMATION_FORMAT = "dwarf-with-dsym";
				ENABLE_NS_ASSERTIONS = NO;
				ENABLE_STRICT_OBJC_MSGSEND = YES;
				ENABLE_USER_SCRIPT_SANDBOXING = YES;
				GCC_C_LANGUAGE_STANDARD = gnu17;
				GCC_NO_COMMON_BLOCKS = YES;
				GCC_WARN_64_TO_32_BIT_CONVERSION = YES;
				GCC_WARN_ABOUT_RETURN_TYPE = YES_ERROR;
				GCC_WARN_UNDECLARED_SELECTOR = YES;
				GCC_WARN_UNINITIALIZED_AUTOS = YES_AGGRESSIVE;
				GCC_WARN_UNUSED_FUNCTION = YES;
				GCC_WARN_UNUSED_VARIABLE = YES;
				IPHONEOS_DEPLOYMENT_TARGET = 17.5;
				LOCALIZATION_PREFERS_STRING_CATALOGS = YES;
				MTL_ENABLE_DEBUG_INFO = NO;
				MTL_FAST_MATH = YES;
				SDKROOT = iphoneos;
				SWIFT_COMPILATION_MODE = wholemodule;
				VALIDATE_PRODUCT = YES;
			};
			name = Release;
		};
		2375DF272C1D85D400CF42E7 /* Debug */ = {
			isa = XCBuildConfiguration;
			buildSettings = {
				ASSETCATALOG_COMPILER_APPICON_NAME = AppIcon;
				ASSETCATALOG_COMPILER_GLOBAL_ACCENT_COLOR_NAME = AccentColor;
				CODE_SIGN_STYLE = Automatic;
				CURRENT_PROJECT_VERSION = 1;
				DEVELOPMENT_ASSET_PATHS = "\"Blindle/Preview Content\"";
				DEVELOPMENT_TEAM = C9D722FWWH;
				ENABLE_PREVIEWS = YES;
				GENERATE_INFOPLIST_FILE = YES;
				INFOPLIST_KEY_UIApplicationSceneManifest_Generation = YES;
				INFOPLIST_KEY_UIApplicationSupportsIndirectInputEvents = YES;
				INFOPLIST_KEY_UILaunchScreen_Generation = YES;
				INFOPLIST_KEY_UISupportedInterfaceOrientations_iPad = "UIInterfaceOrientationPortrait UIInterfaceOrientationPortraitUpsideDown UIInterfaceOrientationLandscapeLeft UIInterfaceOrientationLandscapeRight";
				INFOPLIST_KEY_UISupportedInterfaceOrientations_iPhone = "UIInterfaceOrientationPortrait UIInterfaceOrientationLandscapeLeft UIInterfaceOrientationLandscapeRight";
				LD_RUNPATH_SEARCH_PATHS = (
					"$(inherited)",
					"@executable_path/Frameworks",
				);
				MARKETING_VERSION = 1.0;
				PRODUCT_BUNDLE_IDENTIFIER = com.blindle.mohit.Blindle;
				PRODUCT_NAME = "$(TARGET_NAME)";
				SWIFT_EMIT_LOC_STRINGS = YES;
				SWIFT_VERSION = 5.0;
				TARGETED_DEVICE_FAMILY = "1,2";
			};
			name = Debug;
		};
		2375DF282C1D85D400CF42E7 /* Release */ = {
			isa = XCBuildConfiguration;
			buildSettings = {
				ASSETCATALOG_COMPILER_APPICON_NAME = AppIcon;
				ASSETCATALOG_COMPILER_GLOBAL_ACCENT_COLOR_NAME = AccentColor;
				CODE_SIGN_STYLE = Automatic;
				CURRENT_PROJECT_VERSION = 1;
				DEVELOPMENT_ASSET_PATHS = "\"Blindle/Preview Content\"";
				DEVELOPMENT_TEAM = C9D722FWWH;
				ENABLE_PREVIEWS = YES;
				GENERATE_INFOPLIST_FILE = YES;
				INFOPLIST_KEY_UIApplicationSceneManifest_Generation = YES;
				INFOPLIST_KEY_UIApplicationSupportsIndirectInputEvents = YES;
				INFOPLIST_KEY_UILaunchScreen_Generation = YES;
				INFOPLIST_KEY_UISupportedInterfaceOrientations_iPad = "UIInterfaceOrientationPortrait UIInterfaceOrientationPortraitUpsideDown UIInterfaceOrientationLandscapeLeft UIInterfaceOrientationLandscapeRight";
				INFOPLIST_KEY_UISupportedInterfaceOrientations_iPhone = "UIInterfaceOrientationPortrait UIInterfaceOrientationLandscapeLeft UIInterfaceOrientationLandscapeRight";
				LD_RUNPATH_SEARCH_PATHS = (
					"$(inherited)",
					"@executable_path/Frameworks",
				);
				MARKETING_VERSION = 1.0;
				PRODUCT_BUNDLE_IDENTIFIER = com.blindle.mohit.Blindle;
				PRODUCT_NAME = "$(TARGET_NAME)";
				SWIFT_EMIT_LOC_STRINGS = YES;
				SWIFT_VERSION = 5.0;
				TARGETED_DEVICE_FAMILY = "1,2";
			};
			name = Release;
		};
		2375DF2A2C1D85D400CF42E7 /* Debug */ = {
			isa = XCBuildConfiguration;
			buildSettings = {
				ALWAYS_EMBED_SWIFT_STANDARD_LIBRARIES = YES;
				BUNDLE_LOADER = "$(TEST_HOST)";
				CODE_SIGN_STYLE = Automatic;
				CURRENT_PROJECT_VERSION = 1;
				DEVELOPMENT_TEAM = C9D722FWWH;
				GENERATE_INFOPLIST_FILE = YES;
				IPHONEOS_DEPLOYMENT_TARGET = 17.5;
				MARKETING_VERSION = 1.0;
				PRODUCT_BUNDLE_IDENTIFIER = com.blindle.mohit.BlindleTests;
				PRODUCT_NAME = "$(TARGET_NAME)";
				SWIFT_EMIT_LOC_STRINGS = NO;
				SWIFT_VERSION = 5.0;
				TARGETED_DEVICE_FAMILY = "1,2";
				TEST_HOST = "$(BUILT_PRODUCTS_DIR)/Blindle.app/$(BUNDLE_EXECUTABLE_FOLDER_PATH)/Blindle";
			};
			name = Debug;
		};
		2375DF2B2C1D85D400CF42E7 /* Release */ = {
			isa = XCBuildConfiguration;
			buildSettings = {
				ALWAYS_EMBED_SWIFT_STANDARD_LIBRARIES = YES;
				BUNDLE_LOADER = "$(TEST_HOST)";
				CODE_SIGN_STYLE = Automatic;
				CURRENT_PROJECT_VERSION = 1;
				DEVELOPMENT_TEAM = C9D722FWWH;
				GENERATE_INFOPLIST_FILE = YES;
				IPHONEOS_DEPLOYMENT_TARGET = 17.5;
				MARKETING_VERSION = 1.0;
				PRODUCT_BUNDLE_IDENTIFIER = com.blindle.mohit.BlindleTests;
				PRODUCT_NAME = "$(TARGET_NAME)";
				SWIFT_EMIT_LOC_STRINGS = NO;
				SWIFT_VERSION = 5.0;
				TARGETED_DEVICE_FAMILY = "1,2";
				TEST_HOST = "$(BUILT_PRODUCTS_DIR)/Blindle.app/$(BUNDLE_EXECUTABLE_FOLDER_PATH)/Blindle";
			};
			name = Release;
		};
		2375DF2D2C1D85D400CF42E7 /* Debug */ = {
			isa = XCBuildConfiguration;
			buildSettings = {
				ALWAYS_EMBED_SWIFT_STANDARD_LIBRARIES = YES;
				CODE_SIGN_STYLE = Automatic;
				CURRENT_PROJECT_VERSION = 1;
				DEVELOPMENT_TEAM = C9D722FWWH;
				GENERATE_INFOPLIST_FILE = YES;
				MARKETING_VERSION = 1.0;
				PRODUCT_BUNDLE_IDENTIFIER = com.blindle.mohit.BlindleUITests;
				PRODUCT_NAME = "$(TARGET_NAME)";
				SWIFT_EMIT_LOC_STRINGS = NO;
				SWIFT_VERSION = 5.0;
				TARGETED_DEVICE_FAMILY = "1,2";
				TEST_TARGET_NAME = Blindle;
			};
			name = Debug;
		};
		2375DF2E2C1D85D400CF42E7 /* Release */ = {
			isa = XCBuildConfiguration;
			buildSettings = {
				ALWAYS_EMBED_SWIFT_STANDARD_LIBRARIES = YES;
				CODE_SIGN_STYLE = Automatic;
				CURRENT_PROJECT_VERSION = 1;
				DEVELOPMENT_TEAM = C9D722FWWH;
				GENERATE_INFOPLIST_FILE = YES;
				MARKETING_VERSION = 1.0;
				PRODUCT_BUNDLE_IDENTIFIER = com.blindle.mohit.BlindleUITests;
				PRODUCT_NAME = "$(TARGET_NAME)";
				SWIFT_EMIT_LOC_STRINGS = NO;
				SWIFT_VERSION = 5.0;
				TARGETED_DEVICE_FAMILY = "1,2";
				TEST_TARGET_NAME = Blindle;
			};
			name = Release;
		};
/* End XCBuildConfiguration section */

/* Begin XCConfigurationList section */
		2375DEFD2C1D85D300CF42E7 /* Build configuration list for PBXProject "Blindle" */ = {
			isa = XCConfigurationList;
			buildConfigurations = (
				2375DF242C1D85D400CF42E7 /* Debug */,
				2375DF252C1D85D400CF42E7 /* Release */,
			);
			defaultConfigurationIsVisible = 0;
			defaultConfigurationName = Release;
		};
		2375DF262C1D85D400CF42E7 /* Build configuration list for PBXNativeTarget "Blindle" */ = {
			isa = XCConfigurationList;
			buildConfigurations = (
				2375DF272C1D85D400CF42E7 /* Debug */,
				2375DF282C1D85D400CF42E7 /* Release */,
			);
			defaultConfigurationIsVisible = 0;
			defaultConfigurationName = Release;
		};
		2375DF292C1D85D400CF42E7 /* Build configuration list for PBXNativeTarget "BlindleTests" */ = {
			isa = XCConfigurationList;
			buildConfigurations = (
				2375DF2A2C1D85D400CF42E7 /* Debug */,
				2375DF2B2C1D85D400CF42E7 /* Release */,
			);
			defaultConfigurationIsVisible = 0;
			defaultConfigurationName = Release;
		};
		2375DF2C2C1D85D400CF42E7 /* Build configuration list for PBXNativeTarget "BlindleUITests" */ = {
			isa = XCConfigurationList;
			buildConfigurations = (
				2375DF2D2C1D85D400CF42E7 /* Debug */,
				2375DF2E2C1D85D400CF42E7 /* Release */,
			);
			defaultConfigurationIsVisible = 0;
			defaultConfigurationName = Release;
		};
/* End XCConfigurationList section */
	};
	rootObject = 2375DEFA2C1D85D300CF42E7 /* Project object */;
}
