// !$*UTF8*$!
{
	archiveVersion = 1;
	classes = {
	};
	objectVersion = 55;
	objects = {

/* Begin PBXBuildFile section */
		E4BB0697283E3D7E00B76702 /* ViewAndModifiersApp.swift in Sources */ = {isa = PBXBuildFile; fileRef = E4BB0696283E3D7E00B76702 /* ViewAndModifiersApp.swift */; };
		E4BB0699283E3D7E00B76702 /* ContentView.swift in Sources */ = {isa = PBXBuildFile; fileRef = E4BB0698283E3D7E00B76702 /* ContentView.swift */; };
		E4BB069B283E3D8000B76702 /* Assets.xcassets in Resources */ = {isa = PBXBuildFile; fileRef = E4BB069A283E3D8000B76702 /* Assets.xcassets */; };
		E4BB069E283E3D8000B76702 /* Preview Assets.xcassets in Resources */ = {isa = PBXBuildFile; fileRef = E4BB069D283E3D8000B76702 /* Preview Assets.xcassets */; };
		E4BB06A8283E3D8000B76702 /* ViewAndModifiersTests.swift in Sources */ = {isa = PBXBuildFile; fileRef = E4BB06A7283E3D8000B76702 /* ViewAndModifiersTests.swift */; };
		E4BB06B2283E3D8000B76702 /* ViewAndModifiersUITests.swift in Sources */ = {isa = PBXBuildFile; fileRef = E4BB06B1283E3D8000B76702 /* ViewAndModifiersUITests.swift */; };
		E4BB06B4283E3D8000B76702 /* ViewAndModifiersUITestsLaunchTests.swift in Sources */ = {isa = PBXBuildFile; fileRef = E4BB06B3283E3D8000B76702 /* ViewAndModifiersUITestsLaunchTests.swift */; };
/* End PBXBuildFile section */

/* Begin PBXContainerItemProxy section */
		E4BB06A4283E3D8000B76702 /* PBXContainerItemProxy */ = {
			isa = PBXContainerItemProxy;
			containerPortal = E4BB068B283E3D7E00B76702 /* Project object */;
			proxyType = 1;
			remoteGlobalIDString = E4BB0692283E3D7E00B76702;
			remoteInfo = ViewAndModifiers;
		};
		E4BB06AE283E3D8000B76702 /* PBXContainerItemProxy */ = {
			isa = PBXContainerItemProxy;
			containerPortal = E4BB068B283E3D7E00B76702 /* Project object */;
			proxyType = 1;
			remoteGlobalIDString = E4BB0692283E3D7E00B76702;
			remoteInfo = ViewAndModifiers;
		};
/* End PBXContainerItemProxy section */

/* Begin PBXFileReference section */
		E4BB0693283E3D7E00B76702 /* ViewAndModifiers.app */ = {isa = PBXFileReference; explicitFileType = wrapper.application; includeInIndex = 0; path = ViewAndModifiers.app; sourceTree = BUILT_PRODUCTS_DIR; };
		E4BB0696283E3D7E00B76702 /* ViewAndModifiersApp.swift */ = {isa = PBXFileReference; lastKnownFileType = sourcecode.swift; path = ViewAndModifiersApp.swift; sourceTree = "<group>"; };
		E4BB0698283E3D7E00B76702 /* ContentView.swift */ = {isa = PBXFileReference; lastKnownFileType = sourcecode.swift; path = ContentView.swift; sourceTree = "<group>"; };
		E4BB069A283E3D8000B76702 /* Assets.xcassets */ = {isa = PBXFileReference; lastKnownFileType = folder.assetcatalog; path = Assets.xcassets; sourceTree = "<group>"; };
		E4BB069D283E3D8000B76702 /* Preview Assets.xcassets */ = {isa = PBXFileReference; lastKnownFileType = folder.assetcatalog; path = "Preview Assets.xcassets"; sourceTree = "<group>"; };
		E4BB06A3283E3D8000B76702 /* ViewAndModifiersTests.xctest */ = {isa = PBXFileReference; explicitFileType = wrapper.cfbundle; includeInIndex = 0; path = ViewAndModifiersTests.xctest; sourceTree = BUILT_PRODUCTS_DIR; };
		E4BB06A7283E3D8000B76702 /* ViewAndModifiersTests.swift */ = {isa = PBXFileReference; lastKnownFileType = sourcecode.swift; path = ViewAndModifiersTests.swift; sourceTree = "<group>"; };
		E4BB06AD283E3D8000B76702 /* ViewAndModifiersUITests.xctest */ = {isa = PBXFileReference; explicitFileType = wrapper.cfbundle; includeInIndex = 0; path = ViewAndModifiersUITests.xctest; sourceTree = BUILT_PRODUCTS_DIR; };
		E4BB06B1283E3D8000B76702 /* ViewAndModifiersUITests.swift */ = {isa = PBXFileReference; lastKnownFileType = sourcecode.swift; path = ViewAndModifiersUITests.swift; sourceTree = "<group>"; };
		E4BB06B3283E3D8000B76702 /* ViewAndModifiersUITestsLaunchTests.swift */ = {isa = PBXFileReference; lastKnownFileType = sourcecode.swift; path = ViewAndModifiersUITestsLaunchTests.swift; sourceTree = "<group>"; };
/* End PBXFileReference section */

/* Begin PBXFrameworksBuildPhase section */
		E4BB0690283E3D7E00B76702 /* Frameworks */ = {
			isa = PBXFrameworksBuildPhase;
			buildActionMask = 2147483647;
			files = (
			);
			runOnlyForDeploymentPostprocessing = 0;
		};
		E4BB06A0283E3D8000B76702 /* Frameworks */ = {
			isa = PBXFrameworksBuildPhase;
			buildActionMask = 2147483647;
			files = (
			);
			runOnlyForDeploymentPostprocessing = 0;
		};
		E4BB06AA283E3D8000B76702 /* Frameworks */ = {
			isa = PBXFrameworksBuildPhase;
			buildActionMask = 2147483647;
			files = (
			);
			runOnlyForDeploymentPostprocessing = 0;
		};
/* End PBXFrameworksBuildPhase section */

/* Begin PBXGroup section */
		E4BB068A283E3D7E00B76702 = {
			isa = PBXGroup;
			children = (
				E4BB0695283E3D7E00B76702 /* ViewAndModifiers */,
				E4BB06A6283E3D8000B76702 /* ViewAndModifiersTests */,
				E4BB06B0283E3D8000B76702 /* ViewAndModifiersUITests */,
				E4BB0694283E3D7E00B76702 /* Products */,
			);
			sourceTree = "<group>";
		};
		E4BB0694283E3D7E00B76702 /* Products */ = {
			isa = PBXGroup;
			children = (
				E4BB0693283E3D7E00B76702 /* ViewAndModifiers.app */,
				E4BB06A3283E3D8000B76702 /* ViewAndModifiersTests.xctest */,
				E4BB06AD283E3D8000B76702 /* ViewAndModifiersUITests.xctest */,
			);
			name = Products;
			sourceTree = "<group>";
		};
		E4BB0695283E3D7E00B76702 /* ViewAndModifiers */ = {
			isa = PBXGroup;
			children = (
				E4BB0696283E3D7E00B76702 /* ViewAndModifiersApp.swift */,
				E4BB0698283E3D7E00B76702 /* ContentView.swift */,
				E4BB069A283E3D8000B76702 /* Assets.xcassets */,
				E4BB069C283E3D8000B76702 /* Preview Content */,
			);
			path = ViewAndModifiers;
			sourceTree = "<group>";
		};
		E4BB069C283E3D8000B76702 /* Preview Content */ = {
			isa = PBXGroup;
			children = (
				E4BB069D283E3D8000B76702 /* Preview Assets.xcassets */,
			);
			path = "Preview Content";
			sourceTree = "<group>";
		};
		E4BB06A6283E3D8000B76702 /* ViewAndModifiersTests */ = {
			isa = PBXGroup;
			children = (
				E4BB06A7283E3D8000B76702 /* ViewAndModifiersTests.swift */,
			);
			path = ViewAndModifiersTests;
			sourceTree = "<group>";
		};
		E4BB06B0283E3D8000B76702 /* ViewAndModifiersUITests */ = {
			isa = PBXGroup;
			children = (
				E4BB06B1283E3D8000B76702 /* ViewAndModifiersUITests.swift */,
				E4BB06B3283E3D8000B76702 /* ViewAndModifiersUITestsLaunchTests.swift */,
			);
			path = ViewAndModifiersUITests;
			sourceTree = "<group>";
		};
/* End PBXGroup section */

/* Begin PBXNativeTarget section */
		E4BB0692283E3D7E00B76702 /* ViewAndModifiers */ = {
			isa = PBXNativeTarget;
			buildConfigurationList = E4BB06B7283E3D8000B76702 /* Build configuration list for PBXNativeTarget "ViewAndModifiers" */;
			buildPhases = (
				E4BB068F283E3D7E00B76702 /* Sources */,
				E4BB0690283E3D7E00B76702 /* Frameworks */,
				E4BB0691283E3D7E00B76702 /* Resources */,
			);
			buildRules = (
			);
			dependencies = (
			);
			name = ViewAndModifiers;
			productName = ViewAndModifiers;
			productReference = E4BB0693283E3D7E00B76702 /* ViewAndModifiers.app */;
			productType = "com.apple.product-type.application";
		};
		E4BB06A2283E3D8000B76702 /* ViewAndModifiersTests */ = {
			isa = PBXNativeTarget;
			buildConfigurationList = E4BB06BA283E3D8000B76702 /* Build configuration list for PBXNativeTarget "ViewAndModifiersTests" */;
			buildPhases = (
				E4BB069F283E3D8000B76702 /* Sources */,
				E4BB06A0283E3D8000B76702 /* Frameworks */,
				E4BB06A1283E3D8000B76702 /* Resources */,
			);
			buildRules = (
			);
			dependencies = (
				E4BB06A5283E3D8000B76702 /* PBXTargetDependency */,
			);
			name = ViewAndModifiersTests;
			productName = ViewAndModifiersTests;
			productReference = E4BB06A3283E3D8000B76702 /* ViewAndModifiersTests.xctest */;
			productType = "com.apple.product-type.bundle.unit-test";
		};
		E4BB06AC283E3D8000B76702 /* ViewAndModifiersUITests */ = {
			isa = PBXNativeTarget;
			buildConfigurationList = E4BB06BD283E3D8000B76702 /* Build configuration list for PBXNativeTarget "ViewAndModifiersUITests" */;
			buildPhases = (
				E4BB06A9283E3D8000B76702 /* Sources */,
				E4BB06AA283E3D8000B76702 /* Frameworks */,
				E4BB06AB283E3D8000B76702 /* Resources */,
			);
			buildRules = (
			);
			dependencies = (
				E4BB06AF283E3D8000B76702 /* PBXTargetDependency */,
			);
			name = ViewAndModifiersUITests;
			productName = ViewAndModifiersUITests;
			productReference = E4BB06AD283E3D8000B76702 /* ViewAndModifiersUITests.xctest */;
			productType = "com.apple.product-type.bundle.ui-testing";
		};
/* End PBXNativeTarget section */

/* Begin PBXProject section */
		E4BB068B283E3D7E00B76702 /* Project object */ = {
			isa = PBXProject;
			attributes = {
				BuildIndependentTargetsInParallel = 1;
				LastSwiftUpdateCheck = 1340;
				LastUpgradeCheck = 1340;
				TargetAttributes = {
					E4BB0692283E3D7E00B76702 = {
						CreatedOnToolsVersion = 13.4;
					};
					E4BB06A2283E3D8000B76702 = {
						CreatedOnToolsVersion = 13.4;
						TestTargetID = E4BB0692283E3D7E00B76702;
					};
					E4BB06AC283E3D8000B76702 = {
						CreatedOnToolsVersion = 13.4;
						TestTargetID = E4BB0692283E3D7E00B76702;
					};
				};
			};
			buildConfigurationList = E4BB068E283E3D7E00B76702 /* Build configuration list for PBXProject "ViewAndModifiers" */;
			compatibilityVersion = "Xcode 13.0";
			developmentRegion = en;
			hasScannedForEncodings = 0;
			knownRegions = (
				en,
				Base,
			);
			mainGroup = E4BB068A283E3D7E00B76702;
			productRefGroup = E4BB0694283E3D7E00B76702 /* Products */;
			projectDirPath = "";
			projectRoot = "";
			targets = (
				E4BB0692283E3D7E00B76702 /* ViewAndModifiers */,
				E4BB06A2283E3D8000B76702 /* ViewAndModifiersTests */,
				E4BB06AC283E3D8000B76702 /* ViewAndModifiersUITests */,
			);
		};
/* End PBXProject section */

/* Begin PBXResourcesBuildPhase section */
		E4BB0691283E3D7E00B76702 /* Resources */ = {
			isa = PBXResourcesBuildPhase;
			buildActionMask = 2147483647;
			files = (
				E4BB069E283E3D8000B76702 /* Preview Assets.xcassets in Resources */,
				E4BB069B283E3D8000B76702 /* Assets.xcassets in Resources */,
			);
			runOnlyForDeploymentPostprocessing = 0;
		};
		E4BB06A1283E3D8000B76702 /* Resources */ = {
			isa = PBXResourcesBuildPhase;
			buildActionMask = 2147483647;
			files = (
			);
			runOnlyForDeploymentPostprocessing = 0;
		};
		E4BB06AB283E3D8000B76702 /* Resources */ = {
			isa = PBXResourcesBuildPhase;
			buildActionMask = 2147483647;
			files = (
			);
			runOnlyForDeploymentPostprocessing = 0;
		};
/* End PBXResourcesBuildPhase section */

/* Begin PBXSourcesBuildPhase section */
		E4BB068F283E3D7E00B76702 /* Sources */ = {
			isa = PBXSourcesBuildPhase;
			buildActionMask = 2147483647;
			files = (
				E4BB0699283E3D7E00B76702 /* ContentView.swift in Sources */,
				E4BB0697283E3D7E00B76702 /* ViewAndModifiersApp.swift in Sources */,
			);
			runOnlyForDeploymentPostprocessing = 0;
		};
		E4BB069F283E3D8000B76702 /* Sources */ = {
			isa = PBXSourcesBuildPhase;
			buildActionMask = 2147483647;
			files = (
				E4BB06A8283E3D8000B76702 /* ViewAndModifiersTests.swift in Sources */,
			);
			runOnlyForDeploymentPostprocessing = 0;
		};
		E4BB06A9283E3D8000B76702 /* Sources */ = {
			isa = PBXSourcesBuildPhase;
			buildActionMask = 2147483647;
			files = (
				E4BB06B4283E3D8000B76702 /* ViewAndModifiersUITestsLaunchTests.swift in Sources */,
				E4BB06B2283E3D8000B76702 /* ViewAndModifiersUITests.swift in Sources */,
			);
			runOnlyForDeploymentPostprocessing = 0;
		};
/* End PBXSourcesBuildPhase section */

/* Begin PBXTargetDependency section */
		E4BB06A5283E3D8000B76702 /* PBXTargetDependency */ = {
			isa = PBXTargetDependency;
			target = E4BB0692283E3D7E00B76702 /* ViewAndModifiers */;
			targetProxy = E4BB06A4283E3D8000B76702 /* PBXContainerItemProxy */;
		};
		E4BB06AF283E3D8000B76702 /* PBXTargetDependency */ = {
			isa = PBXTargetDependency;
			target = E4BB0692283E3D7E00B76702 /* ViewAndModifiers */;
			targetProxy = E4BB06AE283E3D8000B76702 /* PBXContainerItemProxy */;
		};
/* End PBXTargetDependency section */

/* Begin XCBuildConfiguration section */
		E4BB06B5283E3D8000B76702 /* Debug */ = {
			isa = XCBuildConfiguration;
			buildSettings = {
				ALWAYS_SEARCH_USER_PATHS = NO;
				CLANG_ANALYZER_NONNULL = YES;
				CLANG_ANALYZER_NUMBER_OBJECT_CONVERSION = YES_AGGRESSIVE;
				CLANG_CXX_LANGUAGE_STANDARD = "gnu++17";
				CLANG_ENABLE_MODULES = YES;
				CLANG_ENABLE_OBJC_ARC = YES;
				CLANG_ENABLE_OBJC_WEAK = YES;
				CLANG_WARN_BLOCK_CAPTURE_AUTORELEASING = YES;
				CLANG_WARN_BOOL_CONVERSION = YES;
				CLANG_WARN_COMMA = YES;
				CLANG_WARN_CONSTANT_CONVERSION = YES;
				CLANG_WARN_DEPRECATED_OBJC_IMPLEMENTATIONS = YES;
				CLANG_WARN_DIRECT_OBJC_ISA_USAGE = YES_ERROR;
				CLANG_WARN_DOCUMENTATION_COMMENTS = YES;
				CLANG_WARN_EMPTY_BODY = YES;
				CLANG_WARN_ENUM_CONVERSION = YES;
				CLANG_WARN_INFINITE_RECURSION = YES;
				CLANG_WARN_INT_CONVERSION = YES;
				CLANG_WARN_NON_LITERAL_NULL_CONVERSION = YES;
				CLANG_WARN_OBJC_IMPLICIT_RETAIN_SELF = YES;
				CLANG_WARN_OBJC_LITERAL_CONVERSION = YES;
				CLANG_WARN_OBJC_ROOT_CLASS = YES_ERROR;
				CLANG_WARN_QUOTED_INCLUDE_IN_FRAMEWORK_HEADER = YES;
				CLANG_WARN_RANGE_LOOP_ANALYSIS = YES;
				CLANG_WARN_STRICT_PROTOTYPES = YES;
				CLANG_WARN_SUSPICIOUS_MOVE = YES;
				CLANG_WARN_UNGUARDED_AVAILABILITY = YES_AGGRESSIVE;
				CLANG_WARN_UNREACHABLE_CODE = YES;
				CLANG_WARN__DUPLICATE_METHOD_MATCH = YES;
				COPY_PHASE_STRIP = NO;
				DEBUG_INFORMATION_FORMAT = dwarf;
				ENABLE_STRICT_OBJC_MSGSEND = YES;
				ENABLE_TESTABILITY = YES;
				GCC_C_LANGUAGE_STANDARD = gnu11;
				GCC_DYNAMIC_NO_PIC = NO;
				GCC_NO_COMMON_BLOCKS = YES;
				GCC_OPTIMIZATION_LEVEL = 0;
				GCC_PREPROCESSOR_DEFINITIONS = (
					"DEBUG=1",
					"$(inherited)",
				);
				GCC_WARN_64_TO_32_BIT_CONVERSION = YES;
				GCC_WARN_ABOUT_RETURN_TYPE = YES_ERROR;
				GCC_WARN_UNDECLARED_SELECTOR = YES;
				GCC_WARN_UNINITIALIZED_AUTOS = YES_AGGRESSIVE;
				GCC_WARN_UNUSED_FUNCTION = YES;
				GCC_WARN_UNUSED_VARIABLE = YES;
				IPHONEOS_DEPLOYMENT_TARGET = 15.5;
				MTL_ENABLE_DEBUG_INFO = INCLUDE_SOURCE;
				MTL_FAST_MATH = YES;
				ONLY_ACTIVE_ARCH = YES;
				SDKROOT = iphoneos;
				SWIFT_ACTIVE_COMPILATION_CONDITIONS = DEBUG;
				SWIFT_OPTIMIZATION_LEVEL = "-Onone";
			};
			name = Debug;
		};
		E4BB06B6283E3D8000B76702 /* Release */ = {
			isa = XCBuildConfiguration;
			buildSettings = {
				ALWAYS_SEARCH_USER_PATHS = NO;
				CLANG_ANALYZER_NONNULL = YES;
				CLANG_ANALYZER_NUMBER_OBJECT_CONVERSION = YES_AGGRESSIVE;
				CLANG_CXX_LANGUAGE_STANDARD = "gnu++17";
				CLANG_ENABLE_MODULES = YES;
				CLANG_ENABLE_OBJC_ARC = YES;
				CLANG_ENABLE_OBJC_WEAK = YES;
				CLANG_WARN_BLOCK_CAPTURE_AUTORELEASING = YES;
				CLANG_WARN_BOOL_CONVERSION = YES;
				CLANG_WARN_COMMA = YES;
				CLANG_WARN_CONSTANT_CONVERSION = YES;
				CLANG_WARN_DEPRECATED_OBJC_IMPLEMENTATIONS = YES;
				CLANG_WARN_DIRECT_OBJC_ISA_USAGE = YES_ERROR;
				CLANG_WARN_DOCUMENTATION_COMMENTS = YES;
				CLANG_WARN_EMPTY_BODY = YES;
				CLANG_WARN_ENUM_CONVERSION = YES;
				CLANG_WARN_INFINITE_RECURSION = YES;
				CLANG_WARN_INT_CONVERSION = YES;
				CLANG_WARN_NON_LITERAL_NULL_CONVERSION = YES;
				CLANG_WARN_OBJC_IMPLICIT_RETAIN_SELF = YES;
				CLANG_WARN_OBJC_LITERAL_CONVERSION = YES;
				CLANG_WARN_OBJC_ROOT_CLASS = YES_ERROR;
				CLANG_WARN_QUOTED_INCLUDE_IN_FRAMEWORK_HEADER = YES;
				CLANG_WARN_RANGE_LOOP_ANALYSIS = YES;
				CLANG_WARN_STRICT_PROTOTYPES = YES;
				CLANG_WARN_SUSPICIOUS_MOVE = YES;
				CLANG_WARN_UNGUARDED_AVAILABILITY = YES_AGGRESSIVE;
				CLANG_WARN_UNREACHABLE_CODE = YES;
				CLANG_WARN__DUPLICATE_METHOD_MATCH = YES;
				COPY_PHASE_STRIP = NO;
				DEBUG_INFORMATION_FORMAT = "dwarf-with-dsym";
				ENABLE_NS_ASSERTIONS = NO;
				ENABLE_STRICT_OBJC_MSGSEND = YES;
				GCC_C_LANGUAGE_STANDARD = gnu11;
				GCC_NO_COMMON_BLOCKS = YES;
				GCC_WARN_64_TO_32_BIT_CONVERSION = YES;
				GCC_WARN_ABOUT_RETURN_TYPE = YES_ERROR;
				GCC_WARN_UNDECLARED_SELECTOR = YES;
				GCC_WARN_UNINITIALIZED_AUTOS = YES_AGGRESSIVE;
				GCC_WARN_UNUSED_FUNCTION = YES;
				GCC_WARN_UNUSED_VARIABLE = YES;
				IPHONEOS_DEPLOYMENT_TARGET = 15.5;
				MTL_ENABLE_DEBUG_INFO = NO;
				MTL_FAST_MATH = YES;
				SDKROOT = iphoneos;
				SWIFT_COMPILATION_MODE = wholemodule;
				SWIFT_OPTIMIZATION_LEVEL = "-O";
				VALIDATE_PRODUCT = YES;
			};
			name = Release;
		};
		E4BB06B8283E3D8000B76702 /* Debug */ = {
			isa = XCBuildConfiguration;
			buildSettings = {
				ASSETCATALOG_COMPILER_APPICON_NAME = AppIcon;
				ASSETCATALOG_COMPILER_GLOBAL_ACCENT_COLOR_NAME = AccentColor;
				CODE_SIGN_STYLE = Automatic;
				CURRENT_PROJECT_VERSION = 1;
				DEVELOPMENT_ASSET_PATHS = "\"ViewAndModifiers/Preview Content\"";
				ENABLE_PREVIEWS = YES;
				GENERATE_INFOPLIST_FILE = YES;
				INFOPLIST_KEY_UIApplicationSceneManifest_Generation = YES;
				INFOPLIST_KEY_UIApplicationSupportsIndirectInputEvents = YES;
				INFOPLIST_KEY_UILaunchScreen_Generation = YES;
				INFOPLIST_KEY_UISupportedInterfaceOrientations_iPad = "UIInterfaceOrientationPortrait UIInterfaceOrientationPortraitUpsideDown UIInterfaceOrientationLandscapeLeft UIInterfaceOrientationLandscapeRight";
				INFOPLIST_KEY_UISupportedInterfaceOrientations_iPhone = "UIInterfaceOrientationPortrait UIInterfaceOrientationLandscapeLeft UIInterfaceOrientationLandscapeRight";
				LD_RUNPATH_SEARCH_PATHS = (
					"$(inherited)",
					"@executable_path/Frameworks",
				);
				MARKETING_VERSION = 1.0;
				PRODUCT_BUNDLE_IDENTIFIER = com.viewAndModifiers.ViewAndModifiers;
				PRODUCT_NAME = "$(TARGET_NAME)";
				SWIFT_EMIT_LOC_STRINGS = YES;
				SWIFT_VERSION = 5.0;
				TARGETED_DEVICE_FAMILY = "1,2";
			};
			name = Debug;
		};
		E4BB06B9283E3D8000B76702 /* Release */ = {
			isa = XCBuildConfiguration;
			buildSettings = {
				ASSETCATALOG_COMPILER_APPICON_NAME = AppIcon;
				ASSETCATALOG_COMPILER_GLOBAL_ACCENT_COLOR_NAME = AccentColor;
				CODE_SIGN_STYLE = Automatic;
				CURRENT_PROJECT_VERSION = 1;
				DEVELOPMENT_ASSET_PATHS = "\"ViewAndModifiers/Preview Content\"";
				ENABLE_PREVIEWS = YES;
				GENERATE_INFOPLIST_FILE = YES;
				INFOPLIST_KEY_UIApplicationSceneManifest_Generation = YES;
				INFOPLIST_KEY_UIApplicationSupportsIndirectInputEvents = YES;
				INFOPLIST_KEY_UILaunchScreen_Generation = YES;
				INFOPLIST_KEY_UISupportedInterfaceOrientations_iPad = "UIInterfaceOrientationPortrait UIInterfaceOrientationPortraitUpsideDown UIInterfaceOrientationLandscapeLeft UIInterfaceOrientationLandscapeRight";
				INFOPLIST_KEY_UISupportedInterfaceOrientations_iPhone = "UIInterfaceOrientationPortrait UIInterfaceOrientationLandscapeLeft UIInterfaceOrientationLandscapeRight";
				LD_RUNPATH_SEARCH_PATHS = (
					"$(inherited)",
					"@executable_path/Frameworks",
				);
				MARKETING_VERSION = 1.0;
				PRODUCT_BUNDLE_IDENTIFIER = com.viewAndModifiers.ViewAndModifiers;
				PRODUCT_NAME = "$(TARGET_NAME)";
				SWIFT_EMIT_LOC_STRINGS = YES;
				SWIFT_VERSION = 5.0;
				TARGETED_DEVICE_FAMILY = "1,2";
			};
			name = Release;
		};
		E4BB06BB283E3D8000B76702 /* Debug */ = {
			isa = XCBuildConfiguration;
			buildSettings = {
				ALWAYS_EMBED_SWIFT_STANDARD_LIBRARIES = YES;
				BUNDLE_LOADER = "$(TEST_HOST)";
				CODE_SIGN_STYLE = Automatic;
				CURRENT_PROJECT_VERSION = 1;
				GENERATE_INFOPLIST_FILE = YES;
				IPHONEOS_DEPLOYMENT_TARGET = 15.5;
				MARKETING_VERSION = 1.0;
				PRODUCT_BUNDLE_IDENTIFIER = com.viewAndModifiers.ViewAndModifiersTests;
				PRODUCT_NAME = "$(TARGET_NAME)";
				SWIFT_EMIT_LOC_STRINGS = NO;
				SWIFT_VERSION = 5.0;
				TARGETED_DEVICE_FAMILY = "1,2";
				TEST_HOST = "$(BUILT_PRODUCTS_DIR)/ViewAndModifiers.app/ViewAndModifiers";
			};
			name = Debug;
		};
		E4BB06BC283E3D8000B76702 /* Release */ = {
			isa = XCBuildConfiguration;
			buildSettings = {
				ALWAYS_EMBED_SWIFT_STANDARD_LIBRARIES = YES;
				BUNDLE_LOADER = "$(TEST_HOST)";
				CODE_SIGN_STYLE = Automatic;
				CURRENT_PROJECT_VERSION = 1;
				GENERATE_INFOPLIST_FILE = YES;
				IPHONEOS_DEPLOYMENT_TARGET = 15.5;
				MARKETING_VERSION = 1.0;
				PRODUCT_BUNDLE_IDENTIFIER = com.viewAndModifiers.ViewAndModifiersTests;
				PRODUCT_NAME = "$(TARGET_NAME)";
				SWIFT_EMIT_LOC_STRINGS = NO;
				SWIFT_VERSION = 5.0;
				TARGETED_DEVICE_FAMILY = "1,2";
				TEST_HOST = "$(BUILT_PRODUCTS_DIR)/ViewAndModifiers.app/ViewAndModifiers";
			};
			name = Release;
		};
		E4BB06BE283E3D8000B76702 /* Debug */ = {
			isa = XCBuildConfiguration;
			buildSettings = {
				ALWAYS_EMBED_SWIFT_STANDARD_LIBRARIES = YES;
				CODE_SIGN_STYLE = Automatic;
				CURRENT_PROJECT_VERSION = 1;
				GENERATE_INFOPLIST_FILE = YES;
				MARKETING_VERSION = 1.0;
				PRODUCT_BUNDLE_IDENTIFIER = com.viewAndModifiers.ViewAndModifiersUITests;
				PRODUCT_NAME = "$(TARGET_NAME)";
				SWIFT_EMIT_LOC_STRINGS = NO;
				SWIFT_VERSION = 5.0;
				TARGETED_DEVICE_FAMILY = "1,2";
				TEST_TARGET_NAME = ViewAndModifiers;
			};
			name = Debug;
		};
		E4BB06BF283E3D8000B76702 /* Release */ = {
			isa = XCBuildConfiguration;
			buildSettings = {
				ALWAYS_EMBED_SWIFT_STANDARD_LIBRARIES = YES;
				CODE_SIGN_STYLE = Automatic;
				CURRENT_PROJECT_VERSION = 1;
				GENERATE_INFOPLIST_FILE = YES;
				MARKETING_VERSION = 1.0;
				PRODUCT_BUNDLE_IDENTIFIER = com.viewAndModifiers.ViewAndModifiersUITests;
				PRODUCT_NAME = "$(TARGET_NAME)";
				SWIFT_EMIT_LOC_STRINGS = NO;
				SWIFT_VERSION = 5.0;
				TARGETED_DEVICE_FAMILY = "1,2";
				TEST_TARGET_NAME = ViewAndModifiers;
			};
			name = Release;
		};
/* End XCBuildConfiguration section */

/* Begin XCConfigurationList section */
		E4BB068E283E3D7E00B76702 /* Build configuration list for PBXProject "ViewAndModifiers" */ = {
			isa = XCConfigurationList;
			buildConfigurations = (
				E4BB06B5283E3D8000B76702 /* Debug */,
				E4BB06B6283E3D8000B76702 /* Release */,
			);
			defaultConfigurationIsVisible = 0;
			defaultConfigurationName = Release;
		};
		E4BB06B7283E3D8000B76702 /* Build configuration list for PBXNativeTarget "ViewAndModifiers" */ = {
			isa = XCConfigurationList;
			buildConfigurations = (
				E4BB06B8283E3D8000B76702 /* Debug */,
				E4BB06B9283E3D8000B76702 /* Release */,
			);
			defaultConfigurationIsVisible = 0;
			defaultConfigurationName = Release;
		};
		E4BB06BA283E3D8000B76702 /* Build configuration list for PBXNativeTarget "ViewAndModifiersTests" */ = {
			isa = XCConfigurationList;
			buildConfigurations = (
				E4BB06BB283E3D8000B76702 /* Debug */,
				E4BB06BC283E3D8000B76702 /* Release */,
			);
			defaultConfigurationIsVisible = 0;
			defaultConfigurationName = Release;
		};
		E4BB06BD283E3D8000B76702 /* Build configuration list for PBXNativeTarget "ViewAndModifiersUITests" */ = {
			isa = XCConfigurationList;
			buildConfigurations = (
				E4BB06BE283E3D8000B76702 /* Debug */,
				E4BB06BF283E3D8000B76702 /* Release */,
			);
			defaultConfigurationIsVisible = 0;
			defaultConfigurationName = Release;
		};
/* End XCConfigurationList section */
	};
	rootObject = E4BB068B283E3D7E00B76702 /* Project object */;
}
